
Microsoft Visual Studio Solution File, Format Version 12.00
# Visual Studio Version 17
VisualStudioVersion = 17.5.33502.453
MinimumVisualStudioVersion = 10.0.40219.1
Project("{FAE04EC0-301F-11D3-BF4B-00C04F79EFBC}") = "ProductProject", "ProductProject\ProductProject.csproj", "{3300C7F1-59F6-4B8D-8E97-D96D11AEDA38}"
EndProject
Global
	GlobalSection(SolutionConfigurationPlatforms) = preSolution
		Debug|Any CPU = Debug|Any CPU
		Release|Any CPU = Release|Any CPU
	EndGlobalSection
	GlobalSection(ProjectConfigurationPlatforms) = postSolution
		{3300C7F1-59F6-4B8D-8E97-D96D11AEDA38}.Debug|Any CPU.ActiveCfg = Debug|Any CPU
		{3300C7F1-59F6-4B8D-8E97-D96D11AEDA38}.Debug|Any CPU.Build.0 = Debug|Any CPU
		{3300C7F1-59F6-4B8D-8E97-D96D11AEDA38}.Release|Any CPU.ActiveCfg = Release|Any CPU
		{3300C7F1-59F6-4B8D-8E97-D96D11AEDA38}.Release|Any CPU.Build.0 = Release|Any CPU
	EndGlobalSection
	GlobalSection(SolutionProperties) = preSolution
		HideSolutionNode = FALSE
	EndGlobalSection
	GlobalSection(ExtensibilityGlobals) = postSolution
		SolutionGuid = {6C22528E-5CAD-4EB7-8C73-1A6764329D31}
	EndGlobalSection
EndGlobal
